// !$*UTF8*$!
{
	archiveVersion = 1;
	classes = {
	};
	objectVersion = 50;
	objects = {

/* Begin PBXBuildFile section */
		4051A89B22DBFCF400A1FDCE /* AppDelegate.swift in Sources */ = {isa = PBXBuildFile; fileRef = 4051A89A22DBFCF400A1FDCE /* AppDelegate.swift */; };
		4051A89D22DBFCF400A1FDCE /* TodoListViewController.swift in Sources */ = {isa = PBXBuildFile; fileRef = 4051A89C22DBFCF400A1FDCE /* TodoListViewController.swift */; };
		4051A8A022DBFCF400A1FDCE /* Main.storyboard in Resources */ = {isa = PBXBuildFile; fileRef = 4051A89E22DBFCF400A1FDCE /* Main.storyboard */; };
		4051A8A222DBFCF500A1FDCE /* Assets.xcassets in Resources */ = {isa = PBXBuildFile; fileRef = 4051A8A122DBFCF500A1FDCE /* Assets.xcassets */; };
		4051A8A522DBFCF500A1FDCE /* LaunchScreen.storyboard in Resources */ = {isa = PBXBuildFile; fileRef = 4051A8A322DBFCF500A1FDCE /* LaunchScreen.storyboard */; };
		4051A8B422DE351B00A1FDCE /* DataModel.xcdatamodeld in Sources */ = {isa = PBXBuildFile; fileRef = 4051A8B222DE351B00A1FDCE /* DataModel.xcdatamodeld */; };
		4051A8D722DE5AB500A1FDCE /* CategoryViewController.swift in Sources */ = {isa = PBXBuildFile; fileRef = 4051A8D622DE5AB500A1FDCE /* CategoryViewController.swift */; };
		BB3D345AD0E1B05684AB3261 /* Pods_Todoey.framework in Frameworks */ = {isa = PBXBuildFile; fileRef = E5AEF0569BD3C4721D3EDFB9 /* Pods_Todoey.framework */; };
/* End PBXBuildFile section */

/* Begin PBXFileReference section */
		4051A89722DBFCF400A1FDCE /* Todoey.app */ = {isa = PBXFileReference; explicitFileType = wrapper.application; includeInIndex = 0; path = Todoey.app; sourceTree = BUILT_PRODUCTS_DIR; };
		4051A89A22DBFCF400A1FDCE /* AppDelegate.swift */ = {isa = PBXFileReference; lastKnownFileType = sourcecode.swift; path = AppDelegate.swift; sourceTree = "<group>"; };
		4051A89C22DBFCF400A1FDCE /* TodoListViewController.swift */ = {isa = PBXFileReference; lastKnownFileType = sourcecode.swift; path = TodoListViewController.swift; sourceTree = "<group>"; };
		4051A89F22DBFCF400A1FDCE /* Base */ = {isa = PBXFileReference; lastKnownFileType = file.storyboard; name = Base; path = Base.lproj/Main.storyboard; sourceTree = "<group>"; };
		4051A8A122DBFCF500A1FDCE /* Assets.xcassets */ = {isa = PBXFileReference; lastKnownFileType = folder.assetcatalog; path = Assets.xcassets; sourceTree = "<group>"; };
		4051A8A422DBFCF500A1FDCE /* Base */ = {isa = PBXFileReference; lastKnownFileType = file.storyboard; name = Base; path = Base.lproj/LaunchScreen.storyboard; sourceTree = "<group>"; };
		4051A8A622DBFCF500A1FDCE /* Info.plist */ = {isa = PBXFileReference; lastKnownFileType = text.plist.xml; path = Info.plist; sourceTree = "<group>"; };
		4051A8B322DE351B00A1FDCE /* DataModel.xcdatamodel */ = {isa = PBXFileReference; lastKnownFileType = wrapper.xcdatamodel; path = DataModel.xcdatamodel; sourceTree = "<group>"; };
		4051A8D622DE5AB500A1FDCE /* CategoryViewController.swift */ = {isa = PBXFileReference; lastKnownFileType = sourcecode.swift; path = CategoryViewController.swift; sourceTree = "<group>"; };
		AA315032CD760BB2EB6519D1 /* Pods-Todoey.debug.xcconfig */ = {isa = PBXFileReference; includeInIndex = 1; lastKnownFileType = text.xcconfig; name = "Pods-Todoey.debug.xcconfig"; path = "Pods/Target Support Files/Pods-Todoey/Pods-Todoey.debug.xcconfig"; sourceTree = "<group>"; };
		DE4698E92F56C13374F0CAC7 /* Pods-Todoey.release.xcconfig */ = {isa = PBXFileReference; includeInIndex = 1; lastKnownFileType = text.xcconfig; name = "Pods-Todoey.release.xcconfig"; path = "Pods/Target Support Files/Pods-Todoey/Pods-Todoey.release.xcconfig"; sourceTree = "<group>"; };
		E5AEF0569BD3C4721D3EDFB9 /* Pods_Todoey.framework */ = {isa = PBXFileReference; explicitFileType = wrapper.framework; includeInIndex = 0; path = Pods_Todoey.framework; sourceTree = BUILT_PRODUCTS_DIR; };
/* End PBXFileReference section */

/* Begin PBXFrameworksBuildPhase section */
		4051A89422DBFCF400A1FDCE /* Frameworks */ = {
			isa = PBXFrameworksBuildPhase;
			buildActionMask = 2147483647;
			files = (
				BB3D345AD0E1B05684AB3261 /* Pods_Todoey.framework in Frameworks */,
			);
			runOnlyForDeploymentPostprocessing = 0;
		};
/* End PBXFrameworksBuildPhase section */

/* Begin PBXGroup section */
		2A8EA6D3DB95F76A891FB208 /* Frameworks */ = {
			isa = PBXGroup;
			children = (
				E5AEF0569BD3C4721D3EDFB9 /* Pods_Todoey.framework */,
			);
			name = Frameworks;
			sourceTree = "<group>";
		};
		4051A88E22DBFCF400A1FDCE = {
			isa = PBXGroup;
			children = (
				4051A89922DBFCF400A1FDCE /* Todoey */,
				4051A89822DBFCF400A1FDCE /* Products */,
				ADC502688094E483ACD6A883 /* Pods */,
				2A8EA6D3DB95F76A891FB208 /* Frameworks */,
			);
			sourceTree = "<group>";
		};
		4051A89822DBFCF400A1FDCE /* Products */ = {
			isa = PBXGroup;
			children = (
				4051A89722DBFCF400A1FDCE /* Todoey.app */,
			);
			name = Products;
			sourceTree = "<group>";
		};
		4051A89922DBFCF400A1FDCE /* Todoey */ = {
			isa = PBXGroup;
			children = (
				4051A89A22DBFCF400A1FDCE /* AppDelegate.swift */,
				4051A8A322DBFCF500A1FDCE /* LaunchScreen.storyboard */,
				4051A8A622DBFCF500A1FDCE /* Info.plist */,
				4051A8B122DD0A3B00A1FDCE /* Support Files */,
				4051A8B022DD0A2100A1FDCE /* View */,
				4051A8AF22DD0A1500A1FDCE /* Controller */,
				4051A8AE22DD0A0100A1FDCE /* Data Model */,
			);
			path = Todoey;
			sourceTree = "<group>";
		};
		4051A8AE22DD0A0100A1FDCE /* Data Model */ = {
			isa = PBXGroup;
			children = (
				4051A8B222DE351B00A1FDCE /* DataModel.xcdatamodeld */,
			);
			path = "Data Model";
			sourceTree = "<group>";
		};
		4051A8AF22DD0A1500A1FDCE /* Controller */ = {
			isa = PBXGroup;
			children = (
				4051A89C22DBFCF400A1FDCE /* TodoListViewController.swift */,
				4051A8D622DE5AB500A1FDCE /* CategoryViewController.swift */,
			);
			path = Controller;
			sourceTree = "<group>";
		};
		4051A8B022DD0A2100A1FDCE /* View */ = {
			isa = PBXGroup;
			children = (
				4051A89E22DBFCF400A1FDCE /* Main.storyboard */,
			);
			path = View;
			sourceTree = "<group>";
		};
		4051A8B122DD0A3B00A1FDCE /* Support Files */ = {
			isa = PBXGroup;
			children = (
				4051A8A122DBFCF500A1FDCE /* Assets.xcassets */,
			);
			path = "Support Files";
			sourceTree = "<group>";
		};
		ADC502688094E483ACD6A883 /* Pods */ = {
			isa = PBXGroup;
			children = (
				AA315032CD760BB2EB6519D1 /* Pods-Todoey.debug.xcconfig */,
				DE4698E92F56C13374F0CAC7 /* Pods-Todoey.release.xcconfig */,
			);
			name = Pods;
			sourceTree = "<group>";
		};
/* End PBXGroup section */

/* Begin PBXNativeTarget section */
		4051A89622DBFCF400A1FDCE /* Todoey */ = {
			isa = PBXNativeTarget;
			buildConfigurationList = 4051A8A922DBFCF500A1FDCE /* Build configuration list for PBXNativeTarget "Todoey" */;
			buildPhases = (
				7F470B2F1072BD139293A499 /* [CP] Check Pods Manifest.lock */,
				4051A89322DBFCF400A1FDCE /* Sources */,
				4051A89422DBFCF400A1FDCE /* Frameworks */,
				4051A89522DBFCF400A1FDCE /* Resources */,
				9F92F533653A147C0326C7BE /* [CP] Embed Pods Frameworks */,
			);
			buildRules = (
			);
			dependencies = (
			);
			name = Todoey;
			productName = Todoey;
			productReference = 4051A89722DBFCF400A1FDCE /* Todoey.app */;
			productType = "com.apple.product-type.application";
		};
/* End PBXNativeTarget section */

/* Begin PBXProject section */
		4051A88F22DBFCF400A1FDCE /* Project object */ = {
			isa = PBXProject;
			attributes = {
				LastSwiftUpdateCheck = 1020;
				LastUpgradeCheck = 1020;
				ORGANIZATIONNAME = "Miguel Salas";
				TargetAttributes = {
					4051A89622DBFCF400A1FDCE = {
						CreatedOnToolsVersion = 10.2;
					};
				};
			};
			buildConfigurationList = 4051A89222DBFCF400A1FDCE /* Build configuration list for PBXProject "Todoey" */;
			compatibilityVersion = "Xcode 9.3";
			developmentRegion = en;
			hasScannedForEncodings = 0;
			knownRegions = (
				en,
				Base,
			);
			mainGroup = 4051A88E22DBFCF400A1FDCE;
			productRefGroup = 4051A89822DBFCF400A1FDCE /* Products */;
			projectDirPath = "";
			projectRoot = "";
			targets = (
				4051A89622DBFCF400A1FDCE /* Todoey */,
			);
		};
/* End PBXProject section */

/* Begin PBXResourcesBuildPhase section */
		4051A89522DBFCF400A1FDCE /* Resources */ = {
			isa = PBXResourcesBuildPhase;
			buildActionMask = 2147483647;
			files = (
				4051A8A522DBFCF500A1FDCE /* LaunchScreen.storyboard in Resources */,
				4051A8A222DBFCF500A1FDCE /* Assets.xcassets in Resources */,
				4051A8A022DBFCF400A1FDCE /* Main.storyboard in Resources */,
			);
			runOnlyForDeploymentPostprocessing = 0;
		};
/* End PBXResourcesBuildPhase section */

/* Begin PBXShellScriptBuildPhase section */
		7F470B2F1072BD139293A499 /* [CP] Check Pods Manifest.lock */ = {
			isa = PBXShellScriptBuildPhase;
			buildActionMask = 2147483647;
			files = (
			);
			inputFileListPaths = (
			);
			inputPaths = (
				"${PODS_PODFILE_DIR_PATH}/Podfile.lock",
				"${PODS_ROOT}/Manifest.lock",
			);
			name = "[CP] Check Pods Manifest.lock";
			outputFileListPaths = (
			);
			outputPaths = (
				"$(DERIVED_FILE_DIR)/Pods-Todoey-checkManifestLockResult.txt",
			);
			runOnlyForDeploymentPostprocessing = 0;
			shellPath = /bin/sh;
			shellScript = "diff \"${PODS_PODFILE_DIR_PATH}/Podfile.lock\" \"${PODS_ROOT}/Manifest.lock\" > /dev/null\nif [ $? != 0 ] ; then\n    # print error to STDERR\n    echo \"error: The sandbox is not in sync with the Podfile.lock. Run 'pod install' or update your CocoaPods installation.\" >&2\n    exit 1\nfi\n# This output is used by Xcode 'outputs' to avoid re-running this script phase.\necho \"SUCCESS\" > \"${SCRIPT_OUTPUT_FILE_0}\"\n";
			showEnvVarsInLog = 0;
		};
		9F92F533653A147C0326C7BE /* [CP] Embed Pods Frameworks */ = {
			isa = PBXShellScriptBuildPhase;
			buildActionMask = 2147483647;
			files = (
			);
			inputFileListPaths = (
			);
			inputPaths = (
				"${SRCROOT}/Pods/Target Support Files/Pods-Todoey/Pods-Todoey-frameworks.sh",
				"${BUILT_PRODUCTS_DIR}/Realm/Realm.framework",
				"${BUILT_PRODUCTS_DIR}/RealmSwift/RealmSwift.framework",
			);
			name = "[CP] Embed Pods Frameworks";
			outputFileListPaths = (
			);
			outputPaths = (
				"${TARGET_BUILD_DIR}/${FRAMEWORKS_FOLDER_PATH}/Realm.framework",
				"${TARGET_BUILD_DIR}/${FRAMEWORKS_FOLDER_PATH}/RealmSwift.framework",
			);
			runOnlyForDeploymentPostprocessing = 0;
			shellPath = /bin/sh;
			shellScript = "\"${SRCROOT}/Pods/Target Support Files/Pods-Todoey/Pods-Todoey-frameworks.sh\"\n";
			showEnvVarsInLog = 0;
		};
/* End PBXShellScriptBuildPhase section */

/* Begin PBXSourcesBuildPhase section */
		4051A89322DBFCF400A1FDCE /* Sources */ = {
			isa = PBXSourcesBuildPhase;
			buildActionMask = 2147483647;
			files = (
				4051A8D722DE5AB500A1FDCE /* CategoryViewController.swift in Sources */,
				4051A8B422DE351B00A1FDCE /* DataModel.xcdatamodeld in Sources */,
				4051A89D22DBFCF400A1FDCE /* TodoListViewController.swift in Sources */,
				4051A89B22DBFCF400A1FDCE /* AppDelegate.swift in Sources */,
			);
			runOnlyForDeploymentPostprocessing = 0;
		};
/* End PBXSourcesBuildPhase section */

/* Begin PBXVariantGroup section */
		4051A89E22DBFCF400A1FDCE /* Main.storyboard */ = {
			isa = PBXVariantGroup;
			children = (
				4051A89F22DBFCF400A1FDCE /* Base */,
			);
			name = Main.storyboard;
			sourceTree = "<group>";
		};
		4051A8A322DBFCF500A1FDCE /* LaunchScreen.storyboard */ = {
			isa = PBXVariantGroup;
			children = (
				4051A8A422DBFCF500A1FDCE /* Base */,
			);
			name = LaunchScreen.storyboard;
			sourceTree = "<group>";
		};
/* End PBXVariantGroup section */

/* Begin XCBuildConfiguration section */
		4051A8A722DBFCF500A1FDCE /* Debug */ = {
			isa = XCBuildConfiguration;
			buildSettings = {
				ALWAYS_SEARCH_USER_PATHS = NO;
				CLANG_ANALYZER_NONNULL = YES;
				CLANG_ANALYZER_NUMBER_OBJECT_CONVERSION = YES_AGGRESSIVE;
				CLANG_CXX_LANGUAGE_STANDARD = "gnu++14";
				CLANG_CXX_LIBRARY = "libc++";
				CLANG_ENABLE_MODULES = YES;
				CLANG_ENABLE_OBJC_ARC = YES;
				CLANG_ENABLE_OBJC_WEAK = YES;
				CLANG_WARN_BLOCK_CAPTURE_AUTORELEASING = YES;
				CLANG_WARN_BOOL_CONVERSION = YES;
				CLANG_WARN_COMMA = YES;
				CLANG_WARN_CONSTANT_CONVERSION = YES;
				CLANG_WARN_DEPRECATED_OBJC_IMPLEMENTATIONS = YES;
				CLANG_WARN_DIRECT_OBJC_ISA_USAGE = YES_ERROR;
				CLANG_WARN_DOCUMENTATION_COMMENTS = YES;
				CLANG_WARN_EMPTY_BODY = YES;
				CLANG_WARN_ENUM_CONVERSION = YES;
				CLANG_WARN_INFINITE_RECURSION = YES;
				CLANG_WARN_INT_CONVERSION = YES;
				CLANG_WARN_NON_LITERAL_NULL_CONVERSION = YES;
				CLANG_WARN_OBJC_IMPLICIT_RETAIN_SELF = YES;
				CLANG_WARN_OBJC_LITERAL_CONVERSION = YES;
				CLANG_WARN_OBJC_ROOT_CLASS = YES_ERROR;
				CLANG_WARN_RANGE_LOOP_ANALYSIS = YES;
				CLANG_WARN_STRICT_PROTOTYPES = YES;
				CLANG_WARN_SUSPICIOUS_MOVE = YES;
				CLANG_WARN_UNGUARDED_AVAILABILITY = YES_AGGRESSIVE;
				CLANG_WARN_UNREACHABLE_CODE = YES;
				CLANG_WARN__DUPLICATE_METHOD_MATCH = YES;
				CODE_SIGN_IDENTITY = "iPhone Developer";
				COPY_PHASE_STRIP = NO;
				DEBUG_INFORMATION_FORMAT = dwarf;
				ENABLE_STRICT_OBJC_MSGSEND = YES;
				ENABLE_TESTABILITY = YES;
				GCC_C_LANGUAGE_STANDARD = gnu11;
				GCC_DYNAMIC_NO_PIC = NO;
				GCC_NO_COMMON_BLOCKS = YES;
				GCC_OPTIMIZATION_LEVEL = 0;
				GCC_PREPROCESSOR_DEFINITIONS = (
					"DEBUG=1",
					"$(inherited)",
				);
				GCC_WARN_64_TO_32_BIT_CONVERSION = YES;
				GCC_WARN_ABOUT_RETURN_TYPE = YES_ERROR;
				GCC_WARN_UNDECLARED_SELECTOR = YES;
				GCC_WARN_UNINITIALIZED_AUTOS = YES_AGGRESSIVE;
				GCC_WARN_UNUSED_FUNCTION = YES;
				GCC_WARN_UNUSED_VARIABLE = YES;
				IPHONEOS_DEPLOYMENT_TARGET = 12.2;
				MTL_ENABLE_DEBUG_INFO = INCLUDE_SOURCE;
				MTL_FAST_MATH = YES;
				ONLY_ACTIVE_ARCH = YES;
				SDKROOT = iphoneos;
				SWIFT_ACTIVE_COMPILATION_CONDITIONS = DEBUG;
				SWIFT_OPTIMIZATION_LEVEL = "-Onone";
			};
			name = Debug;
		};
		4051A8A822DBFCF500A1FDCE /* Release */ = {
			isa = XCBuildConfiguration;
			buildSettings = {
				ALWAYS_SEARCH_USER_PATHS = NO;
				CLANG_ANALYZER_NONNULL = YES;
				CLANG_ANALYZER_NUMBER_OBJECT_CONVERSION = YES_AGGRESSIVE;
				CLANG_CXX_LANGUAGE_STANDARD = "gnu++14";
				CLANG_CXX_LIBRARY = "libc++";
				CLANG_ENABLE_MODULES = YES;
				CLANG_ENABLE_OBJC_ARC = YES;
				CLANG_ENABLE_OBJC_WEAK = YES;
				CLANG_WARN_BLOCK_CAPTURE_AUTORELEASING = YES;
				CLANG_WARN_BOOL_CONVERSION = YES;
				CLANG_WARN_COMMA = YES;
				CLANG_WARN_CONSTANT_CONVERSION = YES;
				CLANG_WARN_DEPRECATED_OBJC_IMPLEMENTATIONS = YES;
				CLANG_WARN_DIRECT_OBJC_ISA_USAGE = YES_ERROR;
				CLANG_WARN_DOCUMENTATION_COMMENTS = YES;
				CLANG_WARN_EMPTY_BODY = YES;
				CLANG_WARN_ENUM_CONVERSION = YES;
				CLANG_WARN_INFINITE_RECURSION = YES;
				CLANG_WARN_INT_CONVERSION = YES;
				CLANG_WARN_NON_LITERAL_NULL_CONVERSION = YES;
				CLANG_WARN_OBJC_IMPLICIT_RETAIN_SELF = YES;
				CLANG_WARN_OBJC_LITERAL_CONVERSION = YES;
				CLANG_WARN_OBJC_ROOT_CLASS = YES_ERROR;
				CLANG_WARN_RANGE_LOOP_ANALYSIS = YES;
				CLANG_WARN_STRICT_PROTOTYPES = YES;
				CLANG_WARN_SUSPICIOUS_MOVE = YES;
				CLANG_WARN_UNGUARDED_AVAILABILITY = YES_AGGRESSIVE;
				CLANG_WARN_UNREACHABLE_CODE = YES;
				CLANG_WARN__DUPLICATE_METHOD_MATCH = YES;
				CODE_SIGN_IDENTITY = "iPhone Developer";
				COPY_PHASE_STRIP = NO;
				DEBUG_INFORMATION_FORMAT = "dwarf-with-dsym";
				ENABLE_NS_ASSERTIONS = NO;
				ENABLE_STRICT_OBJC_MSGSEND = YES;
				GCC_C_LANGUAGE_STANDARD = gnu11;
				GCC_NO_COMMON_BLOCKS = YES;
				GCC_WARN_64_TO_32_BIT_CONVERSION = YES;
				GCC_WARN_ABOUT_RETURN_TYPE = YES_ERROR;
				GCC_WARN_UNDECLARED_SELECTOR = YES;
				GCC_WARN_UNINITIALIZED_AUTOS = YES_AGGRESSIVE;
				GCC_WARN_UNUSED_FUNCTION = YES;
				GCC_WARN_UNUSED_VARIABLE = YES;
				IPHONEOS_DEPLOYMENT_TARGET = 12.2;
				MTL_ENABLE_DEBUG_INFO = NO;
				MTL_FAST_MATH = YES;
				SDKROOT = iphoneos;
				SWIFT_COMPILATION_MODE = wholemodule;
				SWIFT_OPTIMIZATION_LEVEL = "-O";
				VALIDATE_PRODUCT = YES;
			};
			name = Release;
		};
		4051A8AA22DBFCF500A1FDCE /* Debug */ = {
			isa = XCBuildConfiguration;
			baseConfigurationReference = AA315032CD760BB2EB6519D1 /* Pods-Todoey.debug.xcconfig */;
			buildSettings = {
				ASSETCATALOG_COMPILER_APPICON_NAME = AppIcon;
				CODE_SIGN_STYLE = Automatic;
				DEVELOPMENT_TEAM = 67YRB6YBPB;
				INFOPLIST_FILE = Todoey/Info.plist;
				LD_RUNPATH_SEARCH_PATHS = (
					"$(inherited)",
					"@executable_path/Frameworks",
				);
				PRODUCT_BUNDLE_IDENTIFIER = "Sonata-Services.Todoey";
				PRODUCT_NAME = "$(TARGET_NAME)";
				SWIFT_VERSION = 5.0;
				TARGETED_DEVICE_FAMILY = 1;
			};
			name = Debug;
		};
		4051A8AB22DBFCF500A1FDCE /* Release */ = {
			isa = XCBuildConfiguration;
			baseConfigurationReference = DE4698E92F56C13374F0CAC7 /* Pods-Todoey.release.xcconfig */;
			buildSettings = {
				ASSETCATALOG_COMPILER_APPICON_NAME = AppIcon;
				CODE_SIGN_STYLE = Automatic;
				DEVELOPMENT_TEAM = 67YRB6YBPB;
				INFOPLIST_FILE = Todoey/Info.plist;
				LD_RUNPATH_SEARCH_PATHS = (
					"$(inherited)",
					"@executable_path/Frameworks",
				);
				PRODUCT_BUNDLE_IDENTIFIER = "Sonata-Services.Todoey";
				PRODUCT_NAME = "$(TARGET_NAME)";
				SWIFT_VERSION = 5.0;
				TARGETED_DEVICE_FAMILY = 1;
			};
			name = Release;
		};
/* End XCBuildConfiguration section */

/* Begin XCConfigurationList section */
		4051A89222DBFCF400A1FDCE /* Build configuration list for PBXProject "Todoey" */ = {
			isa = XCConfigurationList;
			buildConfigurations = (
				4051A8A722DBFCF500A1FDCE /* Debug */,
				4051A8A822DBFCF500A1FDCE /* Release */,
			);
			defaultConfigurationIsVisible = 0;
			defaultConfigurationName = Release;
		};
		4051A8A922DBFCF500A1FDCE /* Build configuration list for PBXNativeTarget "Todoey" */ = {
			isa = XCConfigurationList;
			buildConfigurations = (
				4051A8AA22DBFCF500A1FDCE /* Debug */,
				4051A8AB22DBFCF500A1FDCE /* Release */,
			);
			defaultConfigurationIsVisible = 0;
			defaultConfigurationName = Release;
		};
/* End XCConfigurationList section */

/* Begin XCVersionGroup section */
		4051A8B222DE351B00A1FDCE /* DataModel.xcdatamodeld */ = {
			isa = XCVersionGroup;
			children = (
				4051A8B322DE351B00A1FDCE /* DataModel.xcdatamodel */,
			);
			currentVersion = 4051A8B322DE351B00A1FDCE /* DataModel.xcdatamodel */;
			path = DataModel.xcdatamodeld;
			sourceTree = "<group>";
			versionGroupType = wrapper.xcdatamodel;
		};
/* End XCVersionGroup section */
	};
	rootObject = 4051A88F22DBFCF400A1FDCE /* Project object */;
}
